// !$*UTF8*$!
{
	archiveVersion = 1;
	classes = {
	};
	objectVersion = 55;
	objects = {

/* Begin PBXBuildFile section */
		1F02B2E92801C65B00B0DA69 /* CalendarCell.swift in Sources */ = {isa = PBXBuildFile; fileRef = 1F02B2E82801C65B00B0DA69 /* CalendarCell.swift */; };
		1F0FE923280285030050E836 /* TitleView.swift in Sources */ = {isa = PBXBuildFile; fileRef = 1F0FE922280285030050E836 /* TitleView.swift */; };
		1F1CF95228031DE000C9F1C1 /* NameView.swift in Sources */ = {isa = PBXBuildFile; fileRef = 1F1CF95128031DDF00C9F1C1 /* NameView.swift */; };
		1F4CA838280076F90045659F /* CalendarView.swift in Sources */ = {isa = PBXBuildFile; fileRef = 1F4CA837280076F90045659F /* CalendarView.swift */; };
		1F4CA83A280083730045659F /* NewWorkoutViewController.swift in Sources */ = {isa = PBXBuildFile; fileRef = 1F4CA839280083730045659F /* NewWorkoutViewController.swift */; };
		1F4CA83C2800872E0045659F /* WeatherView.swift in Sources */ = {isa = PBXBuildFile; fileRef = 1F4CA83B2800872E0045659F /* WeatherView.swift */; };
		1F8146C4280113DB00BDB7F4 /* DateAndRepeatView.swift in Sources */ = {isa = PBXBuildFile; fileRef = 1F8146C3280113DB00BDB7F4 /* DateAndRepeatView.swift */; };
		1F8146C62801151300BDB7F4 /* RepsOrTimerView.swift in Sources */ = {isa = PBXBuildFile; fileRef = 1F8146C52801151300BDB7F4 /* RepsOrTimerView.swift */; };
		1FBDFA662805E67A001B4946 /* StatisticCell.swift in Sources */ = {isa = PBXBuildFile; fileRef = 1FBDFA652805E67A001B4946 /* StatisticCell.swift */; };
		1FCAAB322802369800D6CB28 /* WorkoutCell.swift in Sources */ = {isa = PBXBuildFile; fileRef = 1FCAAB312802369800D6CB28 /* WorkoutCell.swift */; };
		1FCAAB3428024BB300D6CB28 /* StartViewController.swift in Sources */ = {isa = PBXBuildFile; fileRef = 1FCAAB3328024BB300D6CB28 /* StartViewController.swift */; };
		1FF5550B2801448500652598 /* WorkoutSliderView.swift in Sources */ = {isa = PBXBuildFile; fileRef = 1FF5550A2801448500652598 /* WorkoutSliderView.swift */; };
		1FF590C728044AE7005F540B /* DetailView.swift in Sources */ = {isa = PBXBuildFile; fileRef = 1FF590C628044AE7005F540B /* DetailView.swift */; };
		1FF590C928044CBC005F540B /* DetailRowView.swift in Sources */ = {isa = PBXBuildFile; fileRef = 1FF590C828044CBC005F540B /* DetailRowView.swift */; };
		1FF590CD28046A89005F540B /* UIViewController + Extensions.swift in Sources */ = {isa = PBXBuildFile; fileRef = 1FF590CC28046A89005F540B /* UIViewController + Extensions.swift */; };
		1FF590CF280484C9005F540B /* WorkoutAlert.swift in Sources */ = {isa = PBXBuildFile; fileRef = 1FF590CE280484C9005F540B /* WorkoutAlert.swift */; };
		1FFF39952800289600F4DA93 /* AppDelegate.swift in Sources */ = {isa = PBXBuildFile; fileRef = 1FFF39942800289600F4DA93 /* AppDelegate.swift */; };
		1FFF39972800289600F4DA93 /* SceneDelegate.swift in Sources */ = {isa = PBXBuildFile; fileRef = 1FFF39962800289600F4DA93 /* SceneDelegate.swift */; };
		1FFF39992800289600F4DA93 /* ViewController.swift in Sources */ = {isa = PBXBuildFile; fileRef = 1FFF39982800289600F4DA93 /* ViewController.swift */; };
		1FFF399E2800289800F4DA93 /* Assets.xcassets in Resources */ = {isa = PBXBuildFile; fileRef = 1FFF399D2800289800F4DA93 /* Assets.xcassets */; };
		1FFF39A12800289800F4DA93 /* LaunchScreen.storyboard in Resources */ = {isa = PBXBuildFile; fileRef = 1FFF399F2800289800F4DA93 /* LaunchScreen.storyboard */; };
		1FFF39AA28002FBB00F4DA93 /* Roboto-Medium.ttf in Resources */ = {isa = PBXBuildFile; fileRef = 1FFF39A828002FBB00F4DA93 /* Roboto-Medium.ttf */; };
		1FFF39AB28002FBB00F4DA93 /* Roboto-Bold.ttf in Resources */ = {isa = PBXBuildFile; fileRef = 1FFF39A928002FBB00F4DA93 /* Roboto-Bold.ttf */; };
		1FFF39AF280037FF00F4DA93 /* Workout.swift in Sources */ = {isa = PBXBuildFile; fileRef = 1FFF39AE280037FF00F4DA93 /* Workout.swift */; };
		1FFF39B2280038E200F4DA93 /* Realm in Frameworks */ = {isa = PBXBuildFile; productRef = 1FFF39B1280038E200F4DA93 /* Realm */; };
		1FFF39B4280038E200F4DA93 /* RealmSwift in Frameworks */ = {isa = PBXBuildFile; productRef = 1FFF39B3280038E200F4DA93 /* RealmSwift */; };
		1FFF39B728003F3E00F4DA93 /* RealmManager.swift in Sources */ = {isa = PBXBuildFile; fileRef = 1FFF39B628003F3D00F4DA93 /* RealmManager.swift */; };
		1FFF39BB280040E600F4DA93 /* WOViewController.swift in Sources */ = {isa = PBXBuildFile; fileRef = 1FFF39BA280040E600F4DA93 /* WOViewController.swift */; };
		1FFF39BE2800413100F4DA93 /* UIFont + Extensions.swift in Sources */ = {isa = PBXBuildFile; fileRef = 1FFF39BD2800413100F4DA93 /* UIFont + Extensions.swift */; };
		1FFF39C02800439800F4DA93 /* UIColor + Extensions.swift in Sources */ = {isa = PBXBuildFile; fileRef = 1FFF39BF2800439800F4DA93 /* UIColor + Extensions.swift */; };
		1FFF39C22800449100F4DA93 /* UIView + Extensions.swift in Sources */ = {isa = PBXBuildFile; fileRef = 1FFF39C12800449100F4DA93 /* UIView + Extensions.swift */; };
		1FFF39C42800451600F4DA93 /* UIStackView + Extensions.swift in Sources */ = {isa = PBXBuildFile; fileRef = 1FFF39C32800451600F4DA93 /* UIStackView + Extensions.swift */; };
		1FFF39C62800455800F4DA93 /* UILabel + Extensions.swift in Sources */ = {isa = PBXBuildFile; fileRef = 1FFF39C52800455800F4DA93 /* UILabel + Extensions.swift */; };
		1FFF39C82800457D00F4DA93 /* Then.swift in Sources */ = {isa = PBXBuildFile; fileRef = 1FFF39C72800457D00F4DA93 /* Then.swift */; };
		1FFF39CA280045D900F4DA93 /* Date + Extensions.swift in Sources */ = {isa = PBXBuildFile; fileRef = 1FFF39C9280045D900F4DA93 /* Date + Extensions.swift */; };
		1FFF39CC2800460400F4DA93 /* Int + Extensions.swift in Sources */ = {isa = PBXBuildFile; fileRef = 1FFF39CB2800460400F4DA93 /* Int + Extensions.swift */; };
		1FFF39CE2800465F00F4DA93 /* MainViewController.swift in Sources */ = {isa = PBXBuildFile; fileRef = 1FFF39CD2800465F00F4DA93 /* MainViewController.swift */; };
		1FFF39D028004A9B00F4DA93 /* StatisticViewController.swift in Sources */ = {isa = PBXBuildFile; fileRef = 1FFF39CF28004A9B00F4DA93 /* StatisticViewController.swift */; };
		1FFF39D228004AAE00F4DA93 /* ProfileViewController.swift in Sources */ = {isa = PBXBuildFile; fileRef = 1FFF39D128004AAE00F4DA93 /* ProfileViewController.swift */; };
/* End PBXBuildFile section */

/* Begin PBXFileReference section */
		1F02B2E82801C65B00B0DA69 /* CalendarCell.swift */ = {isa = PBXFileReference; lastKnownFileType = sourcecode.swift; path = CalendarCell.swift; sourceTree = "<group>"; };
		1F0FE922280285030050E836 /* TitleView.swift */ = {isa = PBXFileReference; lastKnownFileType = sourcecode.swift; path = TitleView.swift; sourceTree = "<group>"; };
		1F1CF95128031DDF00C9F1C1 /* NameView.swift */ = {isa = PBXFileReference; lastKnownFileType = sourcecode.swift; path = NameView.swift; sourceTree = "<group>"; };
		1F4CA837280076F90045659F /* CalendarView.swift */ = {isa = PBXFileReference; lastKnownFileType = sourcecode.swift; path = CalendarView.swift; sourceTree = "<group>"; };
		1F4CA839280083730045659F /* NewWorkoutViewController.swift */ = {isa = PBXFileReference; lastKnownFileType = sourcecode.swift; path = NewWorkoutViewController.swift; sourceTree = "<group>"; };
		1F4CA83B2800872E0045659F /* WeatherView.swift */ = {isa = PBXFileReference; lastKnownFileType = sourcecode.swift; path = WeatherView.swift; sourceTree = "<group>"; };
		1F8146C3280113DB00BDB7F4 /* DateAndRepeatView.swift */ = {isa = PBXFileReference; lastKnownFileType = sourcecode.swift; path = DateAndRepeatView.swift; sourceTree = "<group>"; };
		1F8146C52801151300BDB7F4 /* RepsOrTimerView.swift */ = {isa = PBXFileReference; lastKnownFileType = sourcecode.swift; path = RepsOrTimerView.swift; sourceTree = "<group>"; };
		1FBDFA652805E67A001B4946 /* StatisticCell.swift */ = {isa = PBXFileReference; lastKnownFileType = sourcecode.swift; path = StatisticCell.swift; sourceTree = "<group>"; };
		1FCAAB312802369800D6CB28 /* WorkoutCell.swift */ = {isa = PBXFileReference; lastKnownFileType = sourcecode.swift; path = WorkoutCell.swift; sourceTree = "<group>"; };
		1FCAAB3328024BB300D6CB28 /* StartViewController.swift */ = {isa = PBXFileReference; lastKnownFileType = sourcecode.swift; path = StartViewController.swift; sourceTree = "<group>"; };
		1FF5550A2801448500652598 /* WorkoutSliderView.swift */ = {isa = PBXFileReference; lastKnownFileType = sourcecode.swift; path = WorkoutSliderView.swift; sourceTree = "<group>"; };
		1FF590C628044AE7005F540B /* DetailView.swift */ = {isa = PBXFileReference; lastKnownFileType = sourcecode.swift; path = DetailView.swift; sourceTree = "<group>"; };
		1FF590C828044CBC005F540B /* DetailRowView.swift */ = {isa = PBXFileReference; lastKnownFileType = sourcecode.swift; path = DetailRowView.swift; sourceTree = "<group>"; };
		1FF590CC28046A89005F540B /* UIViewController + Extensions.swift */ = {isa = PBXFileReference; lastKnownFileType = sourcecode.swift; path = "UIViewController + Extensions.swift"; sourceTree = "<group>"; };
		1FF590CE280484C9005F540B /* WorkoutAlert.swift */ = {isa = PBXFileReference; lastKnownFileType = sourcecode.swift; path = WorkoutAlert.swift; sourceTree = "<group>"; };
		1FFF39912800289600F4DA93 /* Workouts.app */ = {isa = PBXFileReference; explicitFileType = wrapper.application; includeInIndex = 0; path = Workouts.app; sourceTree = BUILT_PRODUCTS_DIR; };
		1FFF39942800289600F4DA93 /* AppDelegate.swift */ = {isa = PBXFileReference; lastKnownFileType = sourcecode.swift; path = AppDelegate.swift; sourceTree = "<group>"; };
		1FFF39962800289600F4DA93 /* SceneDelegate.swift */ = {isa = PBXFileReference; lastKnownFileType = sourcecode.swift; path = SceneDelegate.swift; sourceTree = "<group>"; };
		1FFF39982800289600F4DA93 /* ViewController.swift */ = {isa = PBXFileReference; lastKnownFileType = sourcecode.swift; path = ViewController.swift; sourceTree = "<group>"; };
		1FFF399D2800289800F4DA93 /* Assets.xcassets */ = {isa = PBXFileReference; lastKnownFileType = folder.assetcatalog; path = Assets.xcassets; sourceTree = "<group>"; };
		1FFF39A02800289800F4DA93 /* Base */ = {isa = PBXFileReference; lastKnownFileType = file.storyboard; name = Base; path = Base.lproj/LaunchScreen.storyboard; sourceTree = "<group>"; };
		1FFF39A22800289800F4DA93 /* Info.plist */ = {isa = PBXFileReference; lastKnownFileType = text.plist.xml; path = Info.plist; sourceTree = "<group>"; };
		1FFF39A828002FBB00F4DA93 /* Roboto-Medium.ttf */ = {isa = PBXFileReference; lastKnownFileType = file; path = "Roboto-Medium.ttf"; sourceTree = "<group>"; };
		1FFF39A928002FBB00F4DA93 /* Roboto-Bold.ttf */ = {isa = PBXFileReference; lastKnownFileType = file; path = "Roboto-Bold.ttf"; sourceTree = "<group>"; };
		1FFF39AE280037FF00F4DA93 /* Workout.swift */ = {isa = PBXFileReference; lastKnownFileType = sourcecode.swift; path = Workout.swift; sourceTree = "<group>"; };
		1FFF39B628003F3D00F4DA93 /* RealmManager.swift */ = {isa = PBXFileReference; lastKnownFileType = sourcecode.swift; path = RealmManager.swift; sourceTree = "<group>"; };
		1FFF39BA280040E600F4DA93 /* WOViewController.swift */ = {isa = PBXFileReference; lastKnownFileType = sourcecode.swift; path = WOViewController.swift; sourceTree = "<group>"; };
		1FFF39BD2800413100F4DA93 /* UIFont + Extensions.swift */ = {isa = PBXFileReference; lastKnownFileType = sourcecode.swift; path = "UIFont + Extensions.swift"; sourceTree = "<group>"; };
		1FFF39BF2800439800F4DA93 /* UIColor + Extensions.swift */ = {isa = PBXFileReference; lastKnownFileType = sourcecode.swift; path = "UIColor + Extensions.swift"; sourceTree = "<group>"; };
		1FFF39C12800449100F4DA93 /* UIView + Extensions.swift */ = {isa = PBXFileReference; lastKnownFileType = sourcecode.swift; path = "UIView + Extensions.swift"; sourceTree = "<group>"; };
		1FFF39C32800451600F4DA93 /* UIStackView + Extensions.swift */ = {isa = PBXFileReference; lastKnownFileType = sourcecode.swift; path = "UIStackView + Extensions.swift"; sourceTree = "<group>"; };
		1FFF39C52800455800F4DA93 /* UILabel + Extensions.swift */ = {isa = PBXFileReference; lastKnownFileType = sourcecode.swift; path = "UILabel + Extensions.swift"; sourceTree = "<group>"; };
		1FFF39C72800457D00F4DA93 /* Then.swift */ = {isa = PBXFileReference; lastKnownFileType = sourcecode.swift; path = Then.swift; sourceTree = "<group>"; };
		1FFF39C9280045D900F4DA93 /* Date + Extensions.swift */ = {isa = PBXFileReference; lastKnownFileType = sourcecode.swift; path = "Date + Extensions.swift"; sourceTree = "<group>"; };
		1FFF39CB2800460400F4DA93 /* Int + Extensions.swift */ = {isa = PBXFileReference; lastKnownFileType = sourcecode.swift; path = "Int + Extensions.swift"; sourceTree = "<group>"; };
		1FFF39CD2800465F00F4DA93 /* MainViewController.swift */ = {isa = PBXFileReference; lastKnownFileType = sourcecode.swift; path = MainViewController.swift; sourceTree = "<group>"; };
		1FFF39CF28004A9B00F4DA93 /* StatisticViewController.swift */ = {isa = PBXFileReference; lastKnownFileType = sourcecode.swift; path = StatisticViewController.swift; sourceTree = "<group>"; };
		1FFF39D128004AAE00F4DA93 /* ProfileViewController.swift */ = {isa = PBXFileReference; lastKnownFileType = sourcecode.swift; path = ProfileViewController.swift; sourceTree = "<group>"; };
/* End PBXFileReference section */

/* Begin PBXFrameworksBuildPhase section */
		1FFF398E2800289600F4DA93 /* Frameworks */ = {
			isa = PBXFrameworksBuildPhase;
			buildActionMask = 2147483647;
			files = (
				1FFF39B4280038E200F4DA93 /* RealmSwift in Frameworks */,
				1FFF39B2280038E200F4DA93 /* Realm in Frameworks */,
			);
			runOnlyForDeploymentPostprocessing = 0;
		};
/* End PBXFrameworksBuildPhase section */

/* Begin PBXGroup section */
		1F8146C2280113A700BDB7F4 /* New */ = {
			isa = PBXGroup;
			children = (
				1F8146C3280113DB00BDB7F4 /* DateAndRepeatView.swift */,
				1F8146C52801151300BDB7F4 /* RepsOrTimerView.swift */,
				1FF5550A2801448500652598 /* WorkoutSliderView.swift */,
				1F1CF95128031DDF00C9F1C1 /* NameView.swift */,
			);
			path = New;
			sourceTree = "<group>";
		};
		1FBDFA642805E639001B4946 /* Statistic */ = {
			isa = PBXGroup;
			children = (
				1FBDFA652805E67A001B4946 /* StatisticCell.swift */,
			);
			path = Statistic;
			sourceTree = "<group>";
		};
		1FF590C528044ACF005F540B /* Start */ = {
			isa = PBXGroup;
			children = (
				1FF590C628044AE7005F540B /* DetailView.swift */,
				1FF590C828044CBC005F540B /* DetailRowView.swift */,
			);
			path = Start;
			sourceTree = "<group>";
		};
		1FF590CA28046A27005F540B /* Shared */ = {
			isa = PBXGroup;
			children = (
				1F0FE922280285030050E836 /* TitleView.swift */,
			);
			path = Shared;
			sourceTree = "<group>";
		};
		1FF590CB28046A40005F540B /* Alerts */ = {
			isa = PBXGroup;
			children = (
				1FF590CE280484C9005F540B /* WorkoutAlert.swift */,
			);
			path = Alerts;
			sourceTree = "<group>";
		};
		1FFF39882800289600F4DA93 = {
			isa = PBXGroup;
			children = (
				1FFF39932800289600F4DA93 /* Workouts */,
				1FFF39922800289600F4DA93 /* Products */,
			);
			sourceTree = "<group>";
		};
		1FFF39922800289600F4DA93 /* Products */ = {
			isa = PBXGroup;
			children = (
				1FFF39912800289600F4DA93 /* Workouts.app */,
			);
			name = Products;
			sourceTree = "<group>";
		};
		1FFF39932800289600F4DA93 /* Workouts */ = {
			isa = PBXGroup;
			children = (
				1FFF39BC2800412500F4DA93 /* Extensions */,
				1FFF39AC280030F700F4DA93 /* Apps */,
				1FFF39AD280037D900F4DA93 /* Models */,
				1FFF39B528003F2300F4DA93 /* Services */,
				1FFF39B82800409A00F4DA93 /* Controllers */,
				1FFF39B9280040B000F4DA93 /* Views */,
				1FFF399D2800289800F4DA93 /* Assets.xcassets */,
				1FFF399F2800289800F4DA93 /* LaunchScreen.storyboard */,
				1FFF39A22800289800F4DA93 /* Info.plist */,
				1FFF39A928002FBB00F4DA93 /* Roboto-Bold.ttf */,
				1FFF39A828002FBB00F4DA93 /* Roboto-Medium.ttf */,
			);
			path = Workouts;
			sourceTree = "<group>";
		};
		1FFF39AC280030F700F4DA93 /* Apps */ = {
			isa = PBXGroup;
			children = (
				1FFF39942800289600F4DA93 /* AppDelegate.swift */,
				1FFF39962800289600F4DA93 /* SceneDelegate.swift */,
				1FFF39982800289600F4DA93 /* ViewController.swift */,
			);
			path = Apps;
			sourceTree = "<group>";
		};
		1FFF39AD280037D900F4DA93 /* Models */ = {
			isa = PBXGroup;
			children = (
				1FFF39AE280037FF00F4DA93 /* Workout.swift */,
			);
			path = Models;
			sourceTree = "<group>";
		};
		1FFF39B528003F2300F4DA93 /* Services */ = {
			isa = PBXGroup;
			children = (
				1FFF39B628003F3D00F4DA93 /* RealmManager.swift */,
			);
			path = Services;
			sourceTree = "<group>";
		};
		1FFF39B82800409A00F4DA93 /* Controllers */ = {
			isa = PBXGroup;
			children = (
				1FFF39BA280040E600F4DA93 /* WOViewController.swift */,
				1FFF39CD2800465F00F4DA93 /* MainViewController.swift */,
				1FFF39CF28004A9B00F4DA93 /* StatisticViewController.swift */,
				1FFF39D128004AAE00F4DA93 /* ProfileViewController.swift */,
				1F4CA839280083730045659F /* NewWorkoutViewController.swift */,
				1FCAAB3328024BB300D6CB28 /* StartViewController.swift */,
			);
			path = Controllers;
			sourceTree = "<group>";
		};
		1FFF39B9280040B000F4DA93 /* Views */ = {
			isa = PBXGroup;
			children = (
				1FBDFA642805E639001B4946 /* Statistic */,
				1FF590CB28046A40005F540B /* Alerts */,
				1FF590C528044ACF005F540B /* Start */,
				1FFF39D3280051A800F4DA93 /* Main */,
				1F8146C2280113A700BDB7F4 /* New */,
				1FF590CA28046A27005F540B /* Shared */,
			);
			path = Views;
			sourceTree = "<group>";
		};
		1FFF39BC2800412500F4DA93 /* Extensions */ = {
			isa = PBXGroup;
			children = (
				1FFF39BD2800413100F4DA93 /* UIFont + Extensions.swift */,
				1FFF39BF2800439800F4DA93 /* UIColor + Extensions.swift */,
				1FFF39C12800449100F4DA93 /* UIView + Extensions.swift */,
				1FFF39C32800451600F4DA93 /* UIStackView + Extensions.swift */,
				1FFF39C52800455800F4DA93 /* UILabel + Extensions.swift */,
				1FF590CC28046A89005F540B /* UIViewController + Extensions.swift */,
				1FFF39C72800457D00F4DA93 /* Then.swift */,
				1FFF39C9280045D900F4DA93 /* Date + Extensions.swift */,
				1FFF39CB2800460400F4DA93 /* Int + Extensions.swift */,
			);
			path = Extensions;
			sourceTree = "<group>";
		};
		1FFF39D3280051A800F4DA93 /* Main */ = {
			isa = PBXGroup;
			children = (
				1F4CA837280076F90045659F /* CalendarView.swift */,
				1F4CA83B2800872E0045659F /* WeatherView.swift */,
				1FCAAB312802369800D6CB28 /* WorkoutCell.swift */,
				1F02B2E82801C65B00B0DA69 /* CalendarCell.swift */,
			);
			path = Main;
			sourceTree = "<group>";
		};
/* End PBXGroup section */

/* Begin PBXNativeTarget section */
		1FFF39902800289600F4DA93 /* Workouts */ = {
			isa = PBXNativeTarget;
			buildConfigurationList = 1FFF39A52800289800F4DA93 /* Build configuration list for PBXNativeTarget "Workouts" */;
			buildPhases = (
				1FFF398D2800289600F4DA93 /* Sources */,
				1FFF398E2800289600F4DA93 /* Frameworks */,
				1FFF398F2800289600F4DA93 /* Resources */,
			);
			buildRules = (
			);
			dependencies = (
			);
			name = Workouts;
			packageProductDependencies = (
				1FFF39B1280038E200F4DA93 /* Realm */,
				1FFF39B3280038E200F4DA93 /* RealmSwift */,
			);
			productName = Workouts;
			productReference = 1FFF39912800289600F4DA93 /* Workouts.app */;
			productType = "com.apple.product-type.application";
		};
/* End PBXNativeTarget section */

/* Begin PBXProject section */
		1FFF39892800289600F4DA93 /* Project object */ = {
			isa = PBXProject;
			attributes = {
				BuildIndependentTargetsInParallel = 1;
				LastSwiftUpdateCheck = 1330;
				LastUpgradeCheck = 1330;
				TargetAttributes = {
					1FFF39902800289600F4DA93 = {
						CreatedOnToolsVersion = 13.3;
					};
				};
			};
			buildConfigurationList = 1FFF398C2800289600F4DA93 /* Build configuration list for PBXProject "Workouts" */;
			compatibilityVersion = "Xcode 13.0";
			developmentRegion = en;
			hasScannedForEncodings = 0;
			knownRegions = (
				en,
				Base,
			);
			mainGroup = 1FFF39882800289600F4DA93;
			packageReferences = (
				1FFF39B0280038E200F4DA93 /* XCRemoteSwiftPackageReference "realm-swift" */,
			);
			productRefGroup = 1FFF39922800289600F4DA93 /* Products */;
			projectDirPath = "";
			projectRoot = "";
			targets = (
				1FFF39902800289600F4DA93 /* Workouts */,
			);
		};
/* End PBXProject section */

/* Begin PBXResourcesBuildPhase section */
		1FFF398F2800289600F4DA93 /* Resources */ = {
			isa = PBXResourcesBuildPhase;
			buildActionMask = 2147483647;
			files = (
				1FFF39A12800289800F4DA93 /* LaunchScreen.storyboard in Resources */,
				1FFF399E2800289800F4DA93 /* Assets.xcassets in Resources */,
				1FFF39AB28002FBB00F4DA93 /* Roboto-Bold.ttf in Resources */,
				1FFF39AA28002FBB00F4DA93 /* Roboto-Medium.ttf in Resources */,
			);
			runOnlyForDeploymentPostprocessing = 0;
		};
/* End PBXResourcesBuildPhase section */

/* Begin PBXSourcesBuildPhase section */
		1FFF398D2800289600F4DA93 /* Sources */ = {
			isa = PBXSourcesBuildPhase;
			buildActionMask = 2147483647;
			files = (
				1FF590CF280484C9005F540B /* WorkoutAlert.swift in Sources */,
				1F8146C4280113DB00BDB7F4 /* DateAndRepeatView.swift in Sources */,
				1FCAAB322802369800D6CB28 /* WorkoutCell.swift in Sources */,
				1FFF39BB280040E600F4DA93 /* WOViewController.swift in Sources */,
				1FFF39C62800455800F4DA93 /* UILabel + Extensions.swift in Sources */,
				1FF590CD28046A89005F540B /* UIViewController + Extensions.swift in Sources */,
				1FF5550B2801448500652598 /* WorkoutSliderView.swift in Sources */,
				1F0FE923280285030050E836 /* TitleView.swift in Sources */,
				1F8146C62801151300BDB7F4 /* RepsOrTimerView.swift in Sources */,
				1FFF39BE2800413100F4DA93 /* UIFont + Extensions.swift in Sources */,
				1FF590C928044CBC005F540B /* DetailRowView.swift in Sources */,
				1FFF39992800289600F4DA93 /* ViewController.swift in Sources */,
				1F1CF95228031DE000C9F1C1 /* NameView.swift in Sources */,
				1F02B2E92801C65B00B0DA69 /* CalendarCell.swift in Sources */,
				1FFF39C82800457D00F4DA93 /* Then.swift in Sources */,
				1F4CA83A280083730045659F /* NewWorkoutViewController.swift in Sources */,
				1FFF39C42800451600F4DA93 /* UIStackView + Extensions.swift in Sources */,
				1FFF39952800289600F4DA93 /* AppDelegate.swift in Sources */,
				1FF590C728044AE7005F540B /* DetailView.swift in Sources */,
				1FBDFA662805E67A001B4946 /* StatisticCell.swift in Sources */,
				1FFF39D228004AAE00F4DA93 /* ProfileViewController.swift in Sources */,
				1FFF39B728003F3E00F4DA93 /* RealmManager.swift in Sources */,
				1FFF39C02800439800F4DA93 /* UIColor + Extensions.swift in Sources */,
				1FFF39CE2800465F00F4DA93 /* MainViewController.swift in Sources */,
				1FFF39972800289600F4DA93 /* SceneDelegate.swift in Sources */,
				1FFF39C22800449100F4DA93 /* UIView + Extensions.swift in Sources */,
				1FFF39CA280045D900F4DA93 /* Date + Extensions.swift in Sources */,
				1F4CA83C2800872E0045659F /* WeatherView.swift in Sources */,
				1FCAAB3428024BB300D6CB28 /* StartViewController.swift in Sources */,
				1F4CA838280076F90045659F /* CalendarView.swift in Sources */,
				1FFF39AF280037FF00F4DA93 /* Workout.swift in Sources */,
				1FFF39CC2800460400F4DA93 /* Int + Extensions.swift in Sources */,
				1FFF39D028004A9B00F4DA93 /* StatisticViewController.swift in Sources */,
			);
			runOnlyForDeploymentPostprocessing = 0;
		};
/* End PBXSourcesBuildPhase section */

/* Begin PBXVariantGroup section */
		1FFF399F2800289800F4DA93 /* LaunchScreen.storyboard */ = {
			isa = PBXVariantGroup;
			children = (
				1FFF39A02800289800F4DA93 /* Base */,
			);
			name = LaunchScreen.storyboard;
			sourceTree = "<group>";
		};
/* End PBXVariantGroup section */

/* Begin XCBuildConfiguration section */
		1FFF39A32800289800F4DA93 /* Debug */ = {
			isa = XCBuildConfiguration;
			buildSettings = {
				ALWAYS_SEARCH_USER_PATHS = NO;
				CLANG_ANALYZER_NONNULL = YES;
				CLANG_ANALYZER_NUMBER_OBJECT_CONVERSION = YES_AGGRESSIVE;
				CLANG_CXX_LANGUAGE_STANDARD = "gnu++17";
				CLANG_ENABLE_MODULES = YES;
				CLANG_ENABLE_OBJC_ARC = YES;
				CLANG_ENABLE_OBJC_WEAK = YES;
				CLANG_WARN_BLOCK_CAPTURE_AUTORELEASING = YES;
				CLANG_WARN_BOOL_CONVERSION = YES;
				CLANG_WARN_COMMA = YES;
				CLANG_WARN_CONSTANT_CONVERSION = YES;
				CLANG_WARN_DEPRECATED_OBJC_IMPLEMENTATIONS = YES;
				CLANG_WARN_DIRECT_OBJC_ISA_USAGE = YES_ERROR;
				CLANG_WARN_DOCUMENTATION_COMMENTS = YES;
				CLANG_WARN_EMPTY_BODY = YES;
				CLANG_WARN_ENUM_CONVERSION = YES;
				CLANG_WARN_INFINITE_RECURSION = YES;
				CLANG_WARN_INT_CONVERSION = YES;
				CLANG_WARN_NON_LITERAL_NULL_CONVERSION = YES;
				CLANG_WARN_OBJC_IMPLICIT_RETAIN_SELF = YES;
				CLANG_WARN_OBJC_LITERAL_CONVERSION = YES;
				CLANG_WARN_OBJC_ROOT_CLASS = YES_ERROR;
				CLANG_WARN_QUOTED_INCLUDE_IN_FRAMEWORK_HEADER = YES;
				CLANG_WARN_RANGE_LOOP_ANALYSIS = YES;
				CLANG_WARN_STRICT_PROTOTYPES = YES;
				CLANG_WARN_SUSPICIOUS_MOVE = YES;
				CLANG_WARN_UNGUARDED_AVAILABILITY = YES_AGGRESSIVE;
				CLANG_WARN_UNREACHABLE_CODE = YES;
				CLANG_WARN__DUPLICATE_METHOD_MATCH = YES;
				COPY_PHASE_STRIP = NO;
				DEBUG_INFORMATION_FORMAT = dwarf;
				ENABLE_STRICT_OBJC_MSGSEND = YES;
				ENABLE_TESTABILITY = YES;
				GCC_C_LANGUAGE_STANDARD = gnu11;
				GCC_DYNAMIC_NO_PIC = NO;
				GCC_NO_COMMON_BLOCKS = YES;
				GCC_OPTIMIZATION_LEVEL = 0;
				GCC_PREPROCESSOR_DEFINITIONS = (
					"DEBUG=1",
					"$(inherited)",
				);
				GCC_WARN_64_TO_32_BIT_CONVERSION = YES;
				GCC_WARN_ABOUT_RETURN_TYPE = YES_ERROR;
				GCC_WARN_UNDECLARED_SELECTOR = YES;
				GCC_WARN_UNINITIALIZED_AUTOS = YES_AGGRESSIVE;
				GCC_WARN_UNUSED_FUNCTION = YES;
				GCC_WARN_UNUSED_VARIABLE = YES;
				IPHONEOS_DEPLOYMENT_TARGET = 13.0;
				MTL_ENABLE_DEBUG_INFO = INCLUDE_SOURCE;
				MTL_FAST_MATH = YES;
				ONLY_ACTIVE_ARCH = YES;
				SDKROOT = iphoneos;
				SWIFT_ACTIVE_COMPILATION_CONDITIONS = DEBUG;
				SWIFT_OPTIMIZATION_LEVEL = "-Onone";
			};
			name = Debug;
		};
		1FFF39A42800289800F4DA93 /* Release */ = {
			isa = XCBuildConfiguration;
			buildSettings = {
				ALWAYS_SEARCH_USER_PATHS = NO;
				CLANG_ANALYZER_NONNULL = YES;
				CLANG_ANALYZER_NUMBER_OBJECT_CONVERSION = YES_AGGRESSIVE;
				CLANG_CXX_LANGUAGE_STANDARD = "gnu++17";
				CLANG_ENABLE_MODULES = YES;
				CLANG_ENABLE_OBJC_ARC = YES;
				CLANG_ENABLE_OBJC_WEAK = YES;
				CLANG_WARN_BLOCK_CAPTURE_AUTORELEASING = YES;
				CLANG_WARN_BOOL_CONVERSION = YES;
				CLANG_WARN_COMMA = YES;
				CLANG_WARN_CONSTANT_CONVERSION = YES;
				CLANG_WARN_DEPRECATED_OBJC_IMPLEMENTATIONS = YES;
				CLANG_WARN_DIRECT_OBJC_ISA_USAGE = YES_ERROR;
				CLANG_WARN_DOCUMENTATION_COMMENTS = YES;
				CLANG_WARN_EMPTY_BODY = YES;
				CLANG_WARN_ENUM_CONVERSION = YES;
				CLANG_WARN_INFINITE_RECURSION = YES;
				CLANG_WARN_INT_CONVERSION = YES;
				CLANG_WARN_NON_LITERAL_NULL_CONVERSION = YES;
				CLANG_WARN_OBJC_IMPLICIT_RETAIN_SELF = YES;
				CLANG_WARN_OBJC_LITERAL_CONVERSION = YES;
				CLANG_WARN_OBJC_ROOT_CLASS = YES_ERROR;
				CLANG_WARN_QUOTED_INCLUDE_IN_FRAMEWORK_HEADER = YES;
				CLANG_WARN_RANGE_LOOP_ANALYSIS = YES;
				CLANG_WARN_STRICT_PROTOTYPES = YES;
				CLANG_WARN_SUSPICIOUS_MOVE = YES;
				CLANG_WARN_UNGUARDED_AVAILABILITY = YES_AGGRESSIVE;
				CLANG_WARN_UNREACHABLE_CODE = YES;
				CLANG_WARN__DUPLICATE_METHOD_MATCH = YES;
				COPY_PHASE_STRIP = NO;
				DEBUG_INFORMATION_FORMAT = "dwarf-with-dsym";
				ENABLE_NS_ASSERTIONS = NO;
				ENABLE_STRICT_OBJC_MSGSEND = YES;
				GCC_C_LANGUAGE_STANDARD = gnu11;
				GCC_NO_COMMON_BLOCKS = YES;
				GCC_WARN_64_TO_32_BIT_CONVERSION = YES;
				GCC_WARN_ABOUT_RETURN_TYPE = YES_ERROR;
				GCC_WARN_UNDECLARED_SELECTOR = YES;
				GCC_WARN_UNINITIALIZED_AUTOS = YES_AGGRESSIVE;
				GCC_WARN_UNUSED_FUNCTION = YES;
				GCC_WARN_UNUSED_VARIABLE = YES;
				IPHONEOS_DEPLOYMENT_TARGET = 13.0;
				MTL_ENABLE_DEBUG_INFO = NO;
				MTL_FAST_MATH = YES;
				SDKROOT = iphoneos;
				SWIFT_COMPILATION_MODE = wholemodule;
				SWIFT_OPTIMIZATION_LEVEL = "-O";
				VALIDATE_PRODUCT = YES;
			};
			name = Release;
		};
		1FFF39A62800289800F4DA93 /* Debug */ = {
			isa = XCBuildConfiguration;
			buildSettings = {
				ASSETCATALOG_COMPILER_APPICON_NAME = AppIcon;
				ASSETCATALOG_COMPILER_GLOBAL_ACCENT_COLOR_NAME = AccentColor;
				CODE_SIGN_STYLE = Automatic;
				CURRENT_PROJECT_VERSION = 3;
				DEVELOPMENT_TEAM = 723HTEFHBA;
				GENERATE_INFOPLIST_FILE = YES;
				INFOPLIST_FILE = Workouts/Info.plist;
				INFOPLIST_KEY_UIApplicationSupportsIndirectInputEvents = YES;
				INFOPLIST_KEY_UILaunchStoryboardName = LaunchScreen;
				INFOPLIST_KEY_UISupportedInterfaceOrientations_iPad = "UIInterfaceOrientationPortrait UIInterfaceOrientationPortraitUpsideDown UIInterfaceOrientationLandscapeLeft UIInterfaceOrientationLandscapeRight";
				INFOPLIST_KEY_UISupportedInterfaceOrientations_iPhone = UIInterfaceOrientationPortrait;
				IPHONEOS_DEPLOYMENT_TARGET = 13.0;
				LD_RUNPATH_SEARCH_PATHS = (
					"$(inherited)",
					"@executable_path/Frameworks",
				);
				MARKETING_VERSION = 0.1.3;
				PRODUCT_BUNDLE_IDENTIFIER = ru.ilines.nsu.Workouts;
				PRODUCT_NAME = "$(TARGET_NAME)";
				SWIFT_EMIT_LOC_STRINGS = YES;
				SWIFT_VERSION = 5.0;
				TARGETED_DEVICE_FAMILY = "1,2";
			};
			name = Debug;
		};
		1FFF39A72800289800F4DA93 /* Release */ = {
			isa = XCBuildConfiguration;
			buildSettings = {
				ASSETCATALOG_COMPILER_APPICON_NAME = AppIcon;
				ASSETCATALOG_COMPILER_GLOBAL_ACCENT_COLOR_NAME = AccentColor;
				CODE_SIGN_STYLE = Automatic;
				CURRENT_PROJECT_VERSION = 3;
				DEVELOPMENT_TEAM = 723HTEFHBA;
				GENERATE_INFOPLIST_FILE = YES;
				INFOPLIST_FILE = Workouts/Info.plist;
				INFOPLIST_KEY_UIApplicationSupportsIndirectInputEvents = YES;
				INFOPLIST_KEY_UILaunchStoryboardName = LaunchScreen;
				INFOPLIST_KEY_UISupportedInterfaceOrientations_iPad = "UIInterfaceOrientationPortrait UIInterfaceOrientationPortraitUpsideDown UIInterfaceOrientationLandscapeLeft UIInterfaceOrientationLandscapeRight";
				INFOPLIST_KEY_UISupportedInterfaceOrientations_iPhone = UIInterfaceOrientationPortrait;
				IPHONEOS_DEPLOYMENT_TARGET = 13.0;
				LD_RUNPATH_SEARCH_PATHS = (
					"$(inherited)",
					"@executable_path/Frameworks",
				);
				MARKETING_VERSION = 0.1.3;
				PRODUCT_BUNDLE_IDENTIFIER = ru.ilines.nsu.Workouts;
				PRODUCT_NAME = "$(TARGET_NAME)";
				SWIFT_EMIT_LOC_STRINGS = YES;
				SWIFT_VERSION = 5.0;
				TARGETED_DEVICE_FAMILY = "1,2";
			};
			name = Release;
		};
/* End XCBuildConfiguration section */

/* Begin XCConfigurationList section */
		1FFF398C2800289600F4DA93 /* Build configuration list for PBXProject "Workouts" */ = {
			isa = XCConfigurationList;
			buildConfigurations = (
				1FFF39A32800289800F4DA93 /* Debug */,
				1FFF39A42800289800F4DA93 /* Release */,
			);
			defaultConfigurationIsVisible = 0;
			defaultConfigurationName = Release;
		};
		1FFF39A52800289800F4DA93 /* Build configuration list for PBXNativeTarget "Workouts" */ = {
			isa = XCConfigurationList;
			buildConfigurations = (
				1FFF39A62800289800F4DA93 /* Debug */,
				1FFF39A72800289800F4DA93 /* Release */,
			);
			defaultConfigurationIsVisible = 0;
			defaultConfigurationName = Release;
		};
/* End XCConfigurationList section */

/* Begin XCRemoteSwiftPackageReference section */
		1FFF39B0280038E200F4DA93 /* XCRemoteSwiftPackageReference "realm-swift" */ = {
			isa = XCRemoteSwiftPackageReference;
			repositoryURL = "https://github.com/realm/realm-swift.git";
			requirement = {
				branch = master;
				kind = branch;
			};
		};
/* End XCRemoteSwiftPackageReference section */

/* Begin XCSwiftPackageProductDependency section */
		1FFF39B1280038E200F4DA93 /* Realm */ = {
			isa = XCSwiftPackageProductDependency;
			package = 1FFF39B0280038E200F4DA93 /* XCRemoteSwiftPackageReference "realm-swift" */;
			productName = Realm;
		};
		1FFF39B3280038E200F4DA93 /* RealmSwift */ = {
			isa = XCSwiftPackageProductDependency;
			package = 1FFF39B0280038E200F4DA93 /* XCRemoteSwiftPackageReference "realm-swift" */;
			productName = RealmSwift;
		};
/* End XCSwiftPackageProductDependency section */
	};
	rootObject = 1FFF39892800289600F4DA93 /* Project object */;
}
