{
  "pins" : [
    {
      "identity" : "realm-core",
      "kind" : "remoteSourceControl",
      "location" : "https://github.com/realm/realm-core",
      "state" : {
        "revision" : "3c78cccdc0d9f967c5c15b7f3ea081814e2b3ef2",
        "version" : "11.13.0"
      }
    },
    {
      "identity" : "realm-swift",
      "kind" : "remoteSourceControl",
      "location" : "https://github.com/realm/realm-swift.git",
      "state" : {
        "branch" : "master",
        "revision" : "8c1cbf124c5025da9220595e7764059963065891"
      }
    }
  ],
  "version" : 2
}
